
Microsoft Visual Studio Solution File, Format Version 12.00
# Visual Studio 15
VisualStudioVersion = 15.0.27703.2000
MinimumVisualStudioVersion = 10.0.40219.1
Project("{FAE04EC0-301F-11D3-BF4B-00C04F79EFBC}") = "AstroCalendar", "AstroCalendar\AstroCalendar.csproj", "{C7C05B7D-4D0F-4D0F-982F-3B245D330CF9}"
EndProject
Global
	GlobalSection(SolutionConfigurationPlatforms) = preSolution
		Debug|ARM = Debug|ARM
		Debug|x64 = Debug|x64
		Debug|x86 = Debug|x86
		Release|ARM = Release|ARM
		Release|x64 = Release|x64
		Release|x86 = Release|x86
	EndGlobalSection
	GlobalSection(ProjectConfigurationPlatforms) = postSolution
		{C7C05B7D-4D0F-4D0F-982F-3B245D330CF9}.Debug|ARM.ActiveCfg = Debug|ARM
		{C7C05B7D-4D0F-4D0F-982F-3B245D330CF9}.Debug|ARM.Build.0 = Debug|ARM
		{C7C05B7D-4D0F-4D0F-982F-3B245D330CF9}.Debug|ARM.Deploy.0 = Debug|ARM
		{C7C05B7D-4D0F-4D0F-982F-3B245D330CF9}.Debug|x64.ActiveCfg = Debug|x64
		{C7C05B7D-4D0F-4D0F-982F-3B245D330CF9}.Debug|x64.Build.0 = Debug|x64
		{C7C05B7D-4D0F-4D0F-982F-3B245D330CF9}.Debug|x64.Deploy.0 = Debug|x64
		{C7C05B7D-4D0F-4D0F-982F-3B245D330CF9}.Debug|x86.ActiveCfg = Debug|x86
		{C7C05B7D-4D0F-4D0F-982F-3B245D330CF9}.Debug|x86.Build.0 = Debug|x86
		{C7C05B7D-4D0F-4D0F-982F-3B245D330CF9}.Debug|x86.Deploy.0 = Debug|x86
		{C7C05B7D-4D0F-4D0F-982F-3B245D330CF9}.Release|ARM.ActiveCfg = Release|ARM
		{C7C05B7D-4D0F-4D0F-982F-3B245D330CF9}.Release|ARM.Build.0 = Release|ARM
		{C7C05B7D-4D0F-4D0F-982F-3B245D330CF9}.Release|ARM.Deploy.0 = Release|ARM
		{C7C05B7D-4D0F-4D0F-982F-3B245D330CF9}.Release|x64.ActiveCfg = Release|x64
		{C7C05B7D-4D0F-4D0F-982F-3B245D330CF9}.Release|x64.Build.0 = Release|x64
		{C7C05B7D-4D0F-4D0F-982F-3B245D330CF9}.Release|x64.Deploy.0 = Release|x64
		{C7C05B7D-4D0F-4D0F-982F-3B245D330CF9}.Release|x86.ActiveCfg = Release|x86
		{C7C05B7D-4D0F-4D0F-982F-3B245D330CF9}.Release|x86.Build.0 = Release|x86
		{C7C05B7D-4D0F-4D0F-982F-3B245D330CF9}.Release|x86.Deploy.0 = Release|x86
	EndGlobalSection
	GlobalSection(SolutionProperties) = preSolution
		HideSolutionNode = FALSE
	EndGlobalSection
	GlobalSection(ExtensibilityGlobals) = postSolution
		SolutionGuid = {34EE2FBD-814B-4D07-A192-8BE28C101AA2}
	EndGlobalSection
EndGlobal
